
Microsoft Visual Studio Solution File, Format Version 12.00
# Visual Studio Version 16
VisualStudioVersion = 16.0.30114.105
MinimumVisualStudioVersion = 10.0.40219.1
Project("{FAE04EC0-301F-11D3-BF4B-00C04F79EFBC}") = "organizacao-programa", "OrganizacaoPrograma\organizacao-programa.csproj", "{F3F5194D-7837-4961-9775-E8BFB0C82FBA}"
EndProject
Project("{FAE04EC0-301F-11D3-BF4B-00C04F79EFBC}") = "OrganizacaoPrograma.Common", "OrganizacaoPrograma.Common\OrganizacaoPrograma.Common.csproj", "{A3AB21FD-C6A7-4E9C-86A9-31B2041B8C6D}"
EndProject
Global
	GlobalSection(SolutionConfigurationPlatforms) = preSolution
		Debug|Any CPU = Debug|Any CPU
		Release|Any CPU = Release|Any CPU
	EndGlobalSection
	GlobalSection(SolutionProperties) = preSolution
		HideSolutionNode = FALSE
	EndGlobalSection
	GlobalSection(ProjectConfigurationPlatforms) = postSolution
		{F3F5194D-7837-4961-9775-E8BFB0C82FBA}.Debug|Any CPU.ActiveCfg = Debug|Any CPU
		{F3F5194D-7837-4961-9775-E8BFB0C82FBA}.Debug|Any CPU.Build.0 = Debug|Any CPU
		{F3F5194D-7837-4961-9775-E8BFB0C82FBA}.Release|Any CPU.ActiveCfg = Release|Any CPU
		{F3F5194D-7837-4961-9775-E8BFB0C82FBA}.Release|Any CPU.Build.0 = Release|Any CPU
		{A3AB21FD-C6A7-4E9C-86A9-31B2041B8C6D}.Debug|Any CPU.ActiveCfg = Debug|Any CPU
		{A3AB21FD-C6A7-4E9C-86A9-31B2041B8C6D}.Debug|Any CPU.Build.0 = Debug|Any CPU
		{A3AB21FD-C6A7-4E9C-86A9-31B2041B8C6D}.Release|Any CPU.ActiveCfg = Release|Any CPU
		{A3AB21FD-C6A7-4E9C-86A9-31B2041B8C6D}.Release|Any CPU.Build.0 = Release|Any CPU
	EndGlobalSection
EndGlobal
